// !$*UTF8*$!
{
	archiveVersion = 1;
	classes = {
	};
	objectVersion = 46;
	objects = {

/* Begin PBXBuildFile section */
		DACA54171D218DC100751353 /* AppDelegate.swift in Sources */ = {isa = PBXBuildFile; fileRef = DACA54161D218DC100751353 /* AppDelegate.swift */; };
		DACA54191D218DC100751353 /* ViewController.swift in Sources */ = {isa = PBXBuildFile; fileRef = DACA54181D218DC100751353 /* ViewController.swift */; };
		DACA541C1D218DC100751353 /* Main.storyboard in Resources */ = {isa = PBXBuildFile; fileRef = DACA541A1D218DC100751353 /* Main.storyboard */; };
		DACA541E1D218DC100751353 /* Assets.xcassets in Resources */ = {isa = PBXBuildFile; fileRef = DACA541D1D218DC100751353 /* Assets.xcassets */; };
		DACA54211D218DC100751353 /* LaunchScreen.storyboard in Resources */ = {isa = PBXBuildFile; fileRef = DACA541F1D218DC100751353 /* LaunchScreen.storyboard */; };
		DACA54291D218F1A00751353 /* CustomView.xib in Resources */ = {isa = PBXBuildFile; fileRef = DACA54281D218F1A00751353 /* CustomView.xib */; };
		DACA542B1D218F2400751353 /* CustomView.swift in Sources */ = {isa = PBXBuildFile; fileRef = DACA542A1D218F2400751353 /* CustomView.swift */; };
/* End PBXBuildFile section */

/* Begin PBXFileReference section */
		DACA54131D218DC000751353 /* NibShortcut.app */ = {isa = PBXFileReference; explicitFileType = wrapper.application; includeInIndex = 0; path = NibShortcut.app; sourceTree = BUILT_PRODUCTS_DIR; };
		DACA54161D218DC100751353 /* AppDelegate.swift */ = {isa = PBXFileReference; lastKnownFileType = sourcecode.swift; path = AppDelegate.swift; sourceTree = "<group>"; };
		DACA54181D218DC100751353 /* ViewController.swift */ = {isa = PBXFileReference; lastKnownFileType = sourcecode.swift; path = ViewController.swift; sourceTree = "<group>"; };
		DACA541B1D218DC100751353 /* Base */ = {isa = PBXFileReference; lastKnownFileType = file.storyboard; name = Base; path = Base.lproj/Main.storyboard; sourceTree = "<group>"; };
		DACA541D1D218DC100751353 /* Assets.xcassets */ = {isa = PBXFileReference; lastKnownFileType = folder.assetcatalog; path = Assets.xcassets; sourceTree = "<group>"; };
		DACA54201D218DC100751353 /* Base */ = {isa = PBXFileReference; lastKnownFileType = file.storyboard; name = Base; path = Base.lproj/LaunchScreen.storyboard; sourceTree = "<group>"; };
		DACA54221D218DC100751353 /* Info.plist */ = {isa = PBXFileReference; lastKnownFileType = text.plist.xml; path = Info.plist; sourceTree = "<group>"; };
		DACA54281D218F1A00751353 /* CustomView.xib */ = {isa = PBXFileReference; fileEncoding = 4; lastKnownFileType = file.xib; path = CustomView.xib; sourceTree = "<group>"; };
		DACA542A1D218F2400751353 /* CustomView.swift */ = {isa = PBXFileReference; fileEncoding = 4; lastKnownFileType = sourcecode.swift; path = CustomView.swift; sourceTree = "<group>"; };
/* End PBXFileReference section */

/* Begin PBXFrameworksBuildPhase section */
		DACA54101D218DC000751353 /* Frameworks */ = {
			isa = PBXFrameworksBuildPhase;
			buildActionMask = 2147483647;
			files = (
			);
			runOnlyForDeploymentPostprocessing = 0;
		};
/* End PBXFrameworksBuildPhase section */

/* Begin PBXGroup section */
		DACA540A1D218DC000751353 = {
			isa = PBXGroup;
			children = (
				DACA54151D218DC100751353 /* NibShortcut */,
				DACA54141D218DC000751353 /* Products */,
			);
			sourceTree = "<group>";
		};
		DACA54141D218DC000751353 /* Products */ = {
			isa = PBXGroup;
			children = (
				DACA54131D218DC000751353 /* NibShortcut.app */,
			);
			name = Products;
			sourceTree = "<group>";
		};
		DACA54151D218DC100751353 /* NibShortcut */ = {
			isa = PBXGroup;
			children = (
				DACA54161D218DC100751353 /* AppDelegate.swift */,
				DACA54181D218DC100751353 /* ViewController.swift */,
				DACA54281D218F1A00751353 /* CustomView.xib */,
				DACA542A1D218F2400751353 /* CustomView.swift */,
				DACA541A1D218DC100751353 /* Main.storyboard */,
				DACA541D1D218DC100751353 /* Assets.xcassets */,
				DACA541F1D218DC100751353 /* LaunchScreen.storyboard */,
				DACA54221D218DC100751353 /* Info.plist */,
			);
			path = NibShortcut;
			sourceTree = "<group>";
		};
/* End PBXGroup section */

/* Begin PBXNativeTarget section */
		DACA54121D218DC000751353 /* NibShortcut */ = {
			isa = PBXNativeTarget;
			buildConfigurationList = DACA54251D218DC100751353 /* Build configuration list for PBXNativeTarget "NibShortcut" */;
			buildPhases = (
				DACA540F1D218DC000751353 /* Sources */,
				DACA54101D218DC000751353 /* Frameworks */,
				DACA54111D218DC000751353 /* Resources */,
			);
			buildRules = (
			);
			dependencies = (
			);
			name = NibShortcut;
			productName = NibShortcut;
			productReference = DACA54131D218DC000751353 /* NibShortcut.app */;
			productType = "com.apple.product-type.application";
		};
/* End PBXNativeTarget section */

/* Begin PBXProject section */
		DACA540B1D218DC000751353 /* Project object */ = {
			isa = PBXProject;
			attributes = {
				LastSwiftUpdateCheck = 0730;
				LastUpgradeCheck = 0730;
				ORGANIZATIONNAME = Montchat;
				TargetAttributes = {
					DACA54121D218DC000751353 = {
						CreatedOnToolsVersion = 7.3;
					};
				};
			};
			buildConfigurationList = DACA540E1D218DC000751353 /* Build configuration list for PBXProject "NibShortcut" */;
			compatibilityVersion = "Xcode 3.2";
			developmentRegion = English;
			hasScannedForEncodings = 0;
			knownRegions = (
				en,
				Base,
			);
			mainGroup = DACA540A1D218DC000751353;
			productRefGroup = DACA54141D218DC000751353 /* Products */;
			projectDirPath = "";
			projectRoot = "";
			targets = (
				DACA54121D218DC000751353 /* NibShortcut */,
			);
		};
/* End PBXProject section */

/* Begin PBXResourcesBuildPhase section */
		DACA54111D218DC000751353 /* Resources */ = {
			isa = PBXResourcesBuildPhase;
			buildActionMask = 2147483647;
			files = (
				DACA54211D218DC100751353 /* LaunchScreen.storyboard in Resources */,
				DACA54291D218F1A00751353 /* CustomView.xib in Resources */,
				DACA541E1D218DC100751353 /* Assets.xcassets in Resources */,
				DACA541C1D218DC100751353 /* Main.storyboard in Resources */,
			);
			runOnlyForDeploymentPostprocessing = 0;
		};
/* End PBXResourcesBuildPhase section */

/* Begin PBXSourcesBuildPhase section */
		DACA540F1D218DC000751353 /* Sources */ = {
			isa = PBXSourcesBuildPhase;
			buildActionMask = 2147483647;
			files = (
				DACA542B1D218F2400751353 /* CustomView.swift in Sources */,
				DACA54191D218DC100751353 /* ViewController.swift in Sources */,
				DACA54171D218DC100751353 /* AppDelegate.swift in Sources */,
			);
			runOnlyForDeploymentPostprocessing = 0;
		};
/* End PBXSourcesBuildPhase section */

/* Begin PBXVariantGroup section */
		DACA541A1D218DC100751353 /* Main.storyboard */ = {
			isa = PBXVariantGroup;
			children = (
				DACA541B1D218DC100751353 /* Base */,
			);
			name = Main.storyboard;
			sourceTree = "<group>";
		};
		DACA541F1D218DC100751353 /* LaunchScreen.storyboard */ = {
			isa = PBXVariantGroup;
			children = (
				DACA54201D218DC100751353 /* Base */,
			);
			name = LaunchScreen.storyboard;
			sourceTree = "<group>";
		};
/* End PBXVariantGroup section */

/* Begin XCBuildConfiguration section */
		DACA54231D218DC100751353 /* Debug */ = {
			isa = XCBuildConfiguration;
			buildSettings = {
				ALWAYS_SEARCH_USER_PATHS = NO;
				CLANG_ANALYZER_NONNULL = YES;
				CLANG_CXX_LANGUAGE_STANDARD = "gnu++0x";
				CLANG_CXX_LIBRARY = "libc++";
				CLANG_ENABLE_MODULES = YES;
				CLANG_ENABLE_OBJC_ARC = YES;
				CLANG_WARN_BOOL_CONVERSION = YES;
				CLANG_WARN_CONSTANT_CONVERSION = YES;
				CLANG_WARN_DIRECT_OBJC_ISA_USAGE = YES_ERROR;
				CLANG_WARN_EMPTY_BODY = YES;
				CLANG_WARN_ENUM_CONVERSION = YES;
				CLANG_WARN_INT_CONVERSION = YES;
				CLANG_WARN_OBJC_ROOT_CLASS = YES_ERROR;
				CLANG_WARN_UNREACHABLE_CODE = YES;
				CLANG_WARN__DUPLICATE_METHOD_MATCH = YES;
				"CODE_SIGN_IDENTITY[sdk=iphoneos*]" = "iPhone Developer";
				COPY_PHASE_STRIP = NO;
				DEBUG_INFORMATION_FORMAT = dwarf;
				ENABLE_STRICT_OBJC_MSGSEND = YES;
				ENABLE_TESTABILITY = YES;
				GCC_C_LANGUAGE_STANDARD = gnu99;
				GCC_DYNAMIC_NO_PIC = NO;
				GCC_NO_COMMON_BLOCKS = YES;
				GCC_OPTIMIZATION_LEVEL = 0;
				GCC_PREPROCESSOR_DEFINITIONS = (
					"DEBUG=1",
					"$(inherited)",
				);
				GCC_WARN_64_TO_32_BIT_CONVERSION = YES;
				GCC_WARN_ABOUT_RETURN_TYPE = YES_ERROR;
				GCC_WARN_UNDECLARED_SELECTOR = YES;
				GCC_WARN_UNINITIALIZED_AUTOS = YES_AGGRESSIVE;
				GCC_WARN_UNUSED_FUNCTION = YES;
				GCC_WARN_UNUSED_VARIABLE = YES;
				IPHONEOS_DEPLOYMENT_TARGET = 9.3;
				MTL_ENABLE_DEBUG_INFO = YES;
				ONLY_ACTIVE_ARCH = YES;
				SDKROOT = iphoneos;
				SWIFT_OPTIMIZATION_LEVEL = "-Onone";
				TARGETED_DEVICE_FAMILY = "1,2";
			};
			name = Debug;
		};
		DACA54241D218DC100751353 /* Release */ = {
			isa = XCBuildConfiguration;
			buildSettings = {
				ALWAYS_SEARCH_USER_PATHS = NO;
				CLANG_ANALYZER_NONNULL = YES;
				CLANG_CXX_LANGUAGE_STANDARD = "gnu++0x";
				CLANG_CXX_LIBRARY = "libc++";
				CLANG_ENABLE_MODULES = YES;
				CLANG_ENABLE_OBJC_ARC = YES;
				CLANG_WARN_BOOL_CONVERSION = YES;
				CLANG_WARN_CONSTANT_CONVERSION = YES;
				CLANG_WARN_DIRECT_OBJC_ISA_USAGE = YES_ERROR;
				CLANG_WARN_EMPTY_BODY = YES;
				CLANG_WARN_ENUM_CONVERSION = YES;
				CLANG_WARN_INT_CONVERSION = YES;
				CLANG_WARN_OBJC_ROOT_CLASS = YES_ERROR;
				CLANG_WARN_UNREACHABLE_CODE = YES;
				CLANG_WARN__DUPLICATE_METHOD_MATCH = YES;
				"CODE_SIGN_IDENTITY[sdk=iphoneos*]" = "iPhone Developer";
				COPY_PHASE_STRIP = NO;
				DEBUG_INFORMATION_FORMAT = "dwarf-with-dsym";
				ENABLE_NS_ASSERTIONS = NO;
				ENABLE_STRICT_OBJC_MSGSEND = YES;
				GCC_C_LANGUAGE_STANDARD = gnu99;
				GCC_NO_COMMON_BLOCKS = YES;
				GCC_WARN_64_TO_32_BIT_CONVERSION = YES;
				GCC_WARN_ABOUT_RETURN_TYPE = YES_ERROR;
				GCC_WARN_UNDECLARED_SELECTOR = YES;
				GCC_WARN_UNINITIALIZED_AUTOS = YES_AGGRESSIVE;
				GCC_WARN_UNUSED_FUNCTION = YES;
				GCC_WARN_UNUSED_VARIABLE = YES;
				IPHONEOS_DEPLOYMENT_TARGET = 9.3;
				MTL_ENABLE_DEBUG_INFO = NO;
				SDKROOT = iphoneos;
				TARGETED_DEVICE_FAMILY = "1,2";
				VALIDATE_PRODUCT = YES;
			};
			name = Release;
		};
		DACA54261D218DC100751353 /* Debug */ = {
			isa = XCBuildConfiguration;
			buildSettings = {
				ASSETCATALOG_COMPILER_APPICON_NAME = AppIcon;
				INFOPLIST_FILE = NibShortcut/Info.plist;
				LD_RUNPATH_SEARCH_PATHS = "$(inherited) @executable_path/Frameworks";
				PRODUCT_BUNDLE_IDENTIFIER = com.Montchat.NibShortcut;
				PRODUCT_NAME = "$(TARGET_NAME)";
			};
			name = Debug;
		};
		DACA54271D218DC100751353 /* Release */ = {
			isa = XCBuildConfiguration;
			buildSettings = {
				ASSETCATALOG_COMPILER_APPICON_NAME = AppIcon;
				INFOPLIST_FILE = NibShortcut/Info.plist;
				LD_RUNPATH_SEARCH_PATHS = "$(inherited) @executable_path/Frameworks";
				PRODUCT_BUNDLE_IDENTIFIER = com.Montchat.NibShortcut;
				PRODUCT_NAME = "$(TARGET_NAME)";
			};
			name = Release;
		};
/* End XCBuildConfiguration section */

/* Begin XCConfigurationList section */
		DACA540E1D218DC000751353 /* Build configuration list for PBXProject "NibShortcut" */ = {
			isa = XCConfigurationList;
			buildConfigurations = (
				DACA54231D218DC100751353 /* Debug */,
				DACA54241D218DC100751353 /* Release */,
			);
			defaultConfigurationIsVisible = 0;
			defaultConfigurationName = Release;
		};
		DACA54251D218DC100751353 /* Build configuration list for PBXNativeTarget "NibShortcut" */ = {
			isa = XCConfigurationList;
			buildConfigurations = (
				DACA54261D218DC100751353 /* Debug */,
				DACA54271D218DC100751353 /* Release */,
			);
			defaultConfigurationIsVisible = 0;
		};
/* End XCConfigurationList section */
	};
	rootObject = DACA540B1D218DC000751353 /* Project object */;
}
